{
  "nodes": {
    "hardware": {
      "locked": {
        "lastModified": 1632990363,
        "narHash": "sha256-SNqz+9Vt4yDHqw8u/CMFdzMQTulKoMlVGJdshfcb5O0=",
        "owner": "nixos",
        "repo": "nixos-hardware",
        "rev": "0a8b8054c9920368a3c15e6d766188fdf04b736f",
        "type": "github"
      },
      "original": {
        "owner": "nixos",
        "repo": "nixos-hardware",
        "type": "github"
      }
    },
    "home-manager": {
      "inputs": {
        "nixpkgs": [
          "nixpkgs"
        ]
      },
      "locked": {
        "lastModified": 1633372222,
        "narHash": "sha256-uh2D+VCQnz/8QasGY8yZs+VHJ2XQyZldRtPvcaIq5rY=",
        "owner": "nix-community",
        "repo": "home-manager",
        "rev": "88f9b333845d3d905463368efed5eabe304d75c2",
        "type": "github"
      },
      "original": {
        "owner": "nix-community",
        "repo": "home-manager",
        "type": "github"
      }
    },
    "impermanence": {
      "locked": {
        "lastModified": 1630511294,
        "narHash": "sha256-Rb0YwHkH1XoGR/2MXXMsgS9EvQwlwcyRB6mImfj0vgo=",
        "owner": "RiscadoA",
        "repo": "impermanence",
        "rev": "80fc82343acff2cf040c16d2a71fccb1f270ccc4",
        "type": "github"
      },
      "original": {
        "owner": "RiscadoA",
        "repo": "impermanence",
        "type": "github"
      }
    },
    "misterio-nur": {
      "inputs": {
        "nixpkgs": "nixpkgs"
      },
      "locked": {
        "lastModified": 1633403405,
        "narHash": "sha256-MtCWPAwfTiAy8nilYlptRNqYQoZAnoeg1/qp78Q7BUY=",
        "owner": "misterio77",
        "repo": "nur-packages",
        "rev": "91a0dcef4b3aa499dc7b59cb9708a1226e9476f1",
        "type": "github"
      },
      "original": {
        "owner": "misterio77",
        "repo": "nur-packages",
        "type": "github"
      }
    },
    "nix-colors": {
      "locked": {
        "lastModified": 1633318162,
        "narHash": "sha256-rr6BMT4o66KWU9yXVv9W/yB/zMCVZC+zb4OvRftc/h8=",
        "owner": "misterio77",
        "repo": "nix-colors",
        "rev": "182b4b8709b8ffe4e9774a4c5d6877bf6bb9a21c",
        "type": "github"
      },
      "original": {
        "owner": "misterio77",
        "repo": "nix-colors",
        "type": "github"
      }
    },
    "nixpkgs": {
      "locked": {
        "lastModified": 1632383286,
        "narHash": "sha256-WF49nWAN8saKDjXvXTiIIJRPDHgTkTYgTUMabnN+tRc=",
        "owner": "NixOS",
        "repo": "nixpkgs",
        "rev": "a3a23d9599b0a82e333ad91db2cdc479313ce154",
        "type": "github"
      },
      "original": {
        "owner": "NixOS",
        "ref": "nixpkgs-unstable",
        "repo": "nixpkgs",
        "type": "github"
      }
    },
    "nixpkgs_2": {
      "locked": {
        "lastModified": 1633351077,
        "narHash": "sha256-z38JG4Bb0GtM1aF1pANVdp1dniMP23Yb3HnRoJRy2uU=",
        "owner": "nixos",
        "repo": "nixpkgs",
        "rev": "14aef06d9b3ad1d07626bdbb16083b83f92dc6c1",
        "type": "github"
      },
      "original": {
        "owner": "nixos",
        "ref": "nixos-unstable",
        "repo": "nixpkgs",
        "type": "github"
      }
    },
    "root": {
      "inputs": {
        "hardware": "hardware",
        "home-manager": "home-manager",
        "impermanence": "impermanence",
        "misterio-nur": "misterio-nur",
        "nix-colors": "nix-colors",
        "nixpkgs": "nixpkgs_2"
      }
    }
  },
  "root": "root",
  "version": 7
}
