{
  "nodes": {
    "hardware": {
      "locked": {
        "lastModified": 1632990363,
        "narHash": "sha256-SNqz+9Vt4yDHqw8u/CMFdzMQTulKoMlVGJdshfcb5O0=",
        "owner": "nixos",
        "repo": "nixos-hardware",
        "rev": "0a8b8054c9920368a3c15e6d766188fdf04b736f",
        "type": "github"
      },
      "original": {
        "owner": "nixos",
        "repo": "nixos-hardware",
        "type": "github"
      }
    },
    "home-manager": {
      "inputs": {
        "nixpkgs": [
          "nixpkgs"
        ]
      },
      "locked": {
        "lastModified": 1633097142,
        "narHash": "sha256-4fV9GkWyWw28/DBoIZBhbvoCSuzZQtcJFe5wxEpGLsI=",
        "owner": "nix-community",
        "repo": "home-manager",
        "rev": "d5151186aca3d706be73b02f47cff574cb91c641",
        "type": "github"
      },
      "original": {
        "owner": "nix-community",
        "repo": "home-manager",
        "type": "github"
      }
    },
    "impermanence": {
      "locked": {
        "lastModified": 1630511294,
        "narHash": "sha256-Rb0YwHkH1XoGR/2MXXMsgS9EvQwlwcyRB6mImfj0vgo=",
        "owner": "RiscadoA",
        "repo": "impermanence",
        "rev": "80fc82343acff2cf040c16d2a71fccb1f270ccc4",
        "type": "github"
      },
      "original": {
        "owner": "RiscadoA",
        "repo": "impermanence",
        "type": "github"
      }
    },
    "nix-colors": {
      "locked": {
        "lastModified": 1633212651,
        "narHash": "sha256-/1LCwPvhwb3wmnWc+ggD9kh0csxJnKonVX9Q7kNJ5Ys=",
        "owner": "misterio77",
        "repo": "nix-colors",
        "rev": "2aafdf3813157e681c57c580bc878456d001bd86",
        "type": "github"
      },
      "original": {
        "owner": "misterio77",
        "repo": "nix-colors",
        "type": "github"
      }
    },
    "nixpkgs": {
      "locked": {
        "lastModified": 1633080050,
        "narHash": "sha256-T9I2WnlUzAIL70dk9V1jqaYk3nypy/cMkWR19S47ZHc=",
        "owner": "nixos",
        "repo": "nixpkgs",
        "rev": "82155ff501c7622cb2336646bb62f7624261f6d7",
        "type": "github"
      },
      "original": {
        "owner": "nixos",
        "ref": "nixos-unstable",
        "repo": "nixpkgs",
        "type": "github"
      }
    },
    "root": {
      "inputs": {
        "hardware": "hardware",
        "home-manager": "home-manager",
        "impermanence": "impermanence",
        "nix-colors": "nix-colors",
        "nixpkgs": "nixpkgs"
      }
    }
  },
  "root": "root",
  "version": 7
}
